
Microsoft Visual Studio Solution File, Format Version 12.00
# Visual Studio 15
Project("{FAE04EC0-301F-11D3-BF4B-00C04F79EFBC}") = "Assembly-CSharp-firstpass", "Assembly-CSharp-firstpass.csproj", "{BEE67D30-D313-C827-7D58-7DDB5D8FE791}"
EndProject
Project("{FAE04EC0-301F-11D3-BF4B-00C04F79EFBC}") = "Assembly-CSharp", "Assembly-CSharp.csproj", "{A555AC89-D767-4CD9-DEDF-9EDB0E27665C}"
EndProject
Global
	GlobalSection(SolutionConfigurationPlatforms) = preSolution
		Debug|Any CPU = Debug|Any CPU
		Release|Any CPU = Release|Any CPU
	EndGlobalSection
	GlobalSection(ProjectConfigurationPlatforms) = postSolution
		{BEE67D30-D313-C827-7D58-7DDB5D8FE791}.Debug|Any CPU.ActiveCfg = Debug|Any CPU
		{BEE67D30-D313-C827-7D58-7DDB5D8FE791}.Debug|Any CPU.Build.0 = Debug|Any CPU
		{BEE67D30-D313-C827-7D58-7DDB5D8FE791}.Release|Any CPU.ActiveCfg = Release|Any CPU
		{BEE67D30-D313-C827-7D58-7DDB5D8FE791}.Release|Any CPU.Build.0 = Release|Any CPU
		{A555AC89-D767-4CD9-DEDF-9EDB0E27665C}.Debug|Any CPU.ActiveCfg = Debug|Any CPU
		{A555AC89-D767-4CD9-DEDF-9EDB0E27665C}.Debug|Any CPU.Build.0 = Debug|Any CPU
		{A555AC89-D767-4CD9-DEDF-9EDB0E27665C}.Release|Any CPU.ActiveCfg = Release|Any CPU
		{A555AC89-D767-4CD9-DEDF-9EDB0E27665C}.Release|Any CPU.Build.0 = Release|Any CPU
	EndGlobalSection
	GlobalSection(SolutionProperties) = preSolution
		HideSolutionNode = FALSE
	EndGlobalSection
EndGlobal
